// !$*UTF8*$!
{
	archiveVersion = 1;
	classes = {
	};
	objectVersion = 56;
	objects = {

/* Begin PBXBuildFile section */
		A9994B932A4AAB87000A9815 /* RealityKitContent in Frameworks */ = {isa = PBXBuildFile; productRef = A9994B922A4AAB87000A9815 /* RealityKitContent */; };
		A9994B952A4AAB87000A9815 /* FirstVisionOSAppApp.swift in Sources */ = {isa = PBXBuildFile; fileRef = A9994B942A4AAB87000A9815 /* FirstVisionOSAppApp.swift */; };
		A9994B972A4AAB87000A9815 /* ContentView.swift in Sources */ = {isa = PBXBuildFile; fileRef = A9994B962A4AAB87000A9815 /* ContentView.swift */; };
		A9994B992A4AAB88000A9815 /* Assets.xcassets in Resources */ = {isa = PBXBuildFile; fileRef = A9994B982A4AAB88000A9815 /* Assets.xcassets */; };
		A9994B9C2A4AAB88000A9815 /* Preview Assets.xcassets in Resources */ = {isa = PBXBuildFile; fileRef = A9994B9B2A4AAB88000A9815 /* Preview Assets.xcassets */; };
		A9994BA62A4AAB88000A9815 /* FirstVisionOSAppTests.swift in Sources */ = {isa = PBXBuildFile; fileRef = A9994BA52A4AAB88000A9815 /* FirstVisionOSAppTests.swift */; };
/* End PBXBuildFile section */

/* Begin PBXContainerItemProxy section */
		A9994BA22A4AAB88000A9815 /* PBXContainerItemProxy */ = {
			isa = PBXContainerItemProxy;
			containerPortal = A9994B852A4AAB87000A9815 /* Project object */;
			proxyType = 1;
			remoteGlobalIDString = A9994B8C2A4AAB87000A9815;
			remoteInfo = FirstVisionOSApp;
		};
/* End PBXContainerItemProxy section */

/* Begin PBXFileReference section */
		A9994B8D2A4AAB87000A9815 /* FirstVisionOSApp.app */ = {isa = PBXFileReference; explicitFileType = wrapper.application; includeInIndex = 0; path = FirstVisionOSApp.app; sourceTree = BUILT_PRODUCTS_DIR; };
		A9994B912A4AAB87000A9815 /* RealityKitContent */ = {isa = PBXFileReference; lastKnownFileType = wrapper; path = RealityKitContent; sourceTree = "<group>"; };
		A9994B942A4AAB87000A9815 /* FirstVisionOSAppApp.swift */ = {isa = PBXFileReference; lastKnownFileType = sourcecode.swift; path = FirstVisionOSAppApp.swift; sourceTree = "<group>"; };
		A9994B962A4AAB87000A9815 /* ContentView.swift */ = {isa = PBXFileReference; lastKnownFileType = sourcecode.swift; path = ContentView.swift; sourceTree = "<group>"; };
		A9994B982A4AAB88000A9815 /* Assets.xcassets */ = {isa = PBXFileReference; lastKnownFileType = folder.assetcatalog; path = Assets.xcassets; sourceTree = "<group>"; };
		A9994B9B2A4AAB88000A9815 /* Preview Assets.xcassets */ = {isa = PBXFileReference; lastKnownFileType = folder.assetcatalog; path = "Preview Assets.xcassets"; sourceTree = "<group>"; };
		A9994BA12A4AAB88000A9815 /* FirstVisionOSAppTests.xctest */ = {isa = PBXFileReference; explicitFileType = wrapper.cfbundle; includeInIndex = 0; path = FirstVisionOSAppTests.xctest; sourceTree = BUILT_PRODUCTS_DIR; };
		A9994BA52A4AAB88000A9815 /* FirstVisionOSAppTests.swift */ = {isa = PBXFileReference; lastKnownFileType = sourcecode.swift; path = FirstVisionOSAppTests.swift; sourceTree = "<group>"; };
/* End PBXFileReference section */

/* Begin PBXFrameworksBuildPhase section */
		A9994B8A2A4AAB87000A9815 /* Frameworks */ = {
			isa = PBXFrameworksBuildPhase;
			buildActionMask = 2147483647;
			files = (
				A9994B932A4AAB87000A9815 /* RealityKitContent in Frameworks */,
			);
			runOnlyForDeploymentPostprocessing = 0;
		};
		A9994B9E2A4AAB88000A9815 /* Frameworks */ = {
			isa = PBXFrameworksBuildPhase;
			buildActionMask = 2147483647;
			files = (
			);
			runOnlyForDeploymentPostprocessing = 0;
		};
/* End PBXFrameworksBuildPhase section */

/* Begin PBXGroup section */
		A9994B842A4AAB87000A9815 = {
			isa = PBXGroup;
			children = (
				A9994B8F2A4AAB87000A9815 /* FirstVisionOSApp */,
				A9994B902A4AAB87000A9815 /* Packages */,
				A9994BA42A4AAB88000A9815 /* FirstVisionOSAppTests */,
				A9994B8E2A4AAB87000A9815 /* Products */,
			);
			sourceTree = "<group>";
		};
		A9994B8E2A4AAB87000A9815 /* Products */ = {
			isa = PBXGroup;
			children = (
				A9994B8D2A4AAB87000A9815 /* FirstVisionOSApp.app */,
				A9994BA12A4AAB88000A9815 /* FirstVisionOSAppTests.xctest */,
			);
			name = Products;
			sourceTree = "<group>";
		};
		A9994B8F2A4AAB87000A9815 /* FirstVisionOSApp */ = {
			isa = PBXGroup;
			children = (
				A9994B942A4AAB87000A9815 /* FirstVisionOSAppApp.swift */,
				A9994B962A4AAB87000A9815 /* ContentView.swift */,
				A9994B982A4AAB88000A9815 /* Assets.xcassets */,
				A9994B9A2A4AAB88000A9815 /* Preview Content */,
			);
			path = FirstVisionOSApp;
			sourceTree = "<group>";
		};
		A9994B902A4AAB87000A9815 /* Packages */ = {
			isa = PBXGroup;
			children = (
				A9994B912A4AAB87000A9815 /* RealityKitContent */,
			);
			path = Packages;
			sourceTree = "<group>";
		};
		A9994B9A2A4AAB88000A9815 /* Preview Content */ = {
			isa = PBXGroup;
			children = (
				A9994B9B2A4AAB88000A9815 /* Preview Assets.xcassets */,
			);
			path = "Preview Content";
			sourceTree = "<group>";
		};
		A9994BA42A4AAB88000A9815 /* FirstVisionOSAppTests */ = {
			isa = PBXGroup;
			children = (
				A9994BA52A4AAB88000A9815 /* FirstVisionOSAppTests.swift */,
			);
			path = FirstVisionOSAppTests;
			sourceTree = "<group>";
		};
/* End PBXGroup section */

/* Begin PBXNativeTarget section */
		A9994B8C2A4AAB87000A9815 /* FirstVisionOSApp */ = {
			isa = PBXNativeTarget;
			buildConfigurationList = A9994BA92A4AAB88000A9815 /* Build configuration list for PBXNativeTarget "FirstVisionOSApp" */;
			buildPhases = (
				A9994B892A4AAB87000A9815 /* Sources */,
				A9994B8A2A4AAB87000A9815 /* Frameworks */,
				A9994B8B2A4AAB87000A9815 /* Resources */,
			);
			buildRules = (
			);
			dependencies = (
			);
			name = FirstVisionOSApp;
			packageProductDependencies = (
				A9994B922A4AAB87000A9815 /* RealityKitContent */,
			);
			productName = FirstVisionOSApp;
			productReference = A9994B8D2A4AAB87000A9815 /* FirstVisionOSApp.app */;
			productType = "com.apple.product-type.application";
		};
		A9994BA02A4AAB88000A9815 /* FirstVisionOSAppTests */ = {
			isa = PBXNativeTarget;
			buildConfigurationList = A9994BAC2A4AAB88000A9815 /* Build configuration list for PBXNativeTarget "FirstVisionOSAppTests" */;
			buildPhases = (
				A9994B9D2A4AAB88000A9815 /* Sources */,
				A9994B9E2A4AAB88000A9815 /* Frameworks */,
				A9994B9F2A4AAB88000A9815 /* Resources */,
			);
			buildRules = (
			);
			dependencies = (
				A9994BA32A4AAB88000A9815 /* PBXTargetDependency */,
			);
			name = FirstVisionOSAppTests;
			productName = FirstVisionOSAppTests;
			productReference = A9994BA12A4AAB88000A9815 /* FirstVisionOSAppTests.xctest */;
			productType = "com.apple.product-type.bundle.unit-test";
		};
/* End PBXNativeTarget section */

/* Begin PBXProject section */
		A9994B852A4AAB87000A9815 /* Project object */ = {
			isa = PBXProject;
			attributes = {
				BuildIndependentTargetsInParallel = 1;
				LastSwiftUpdateCheck = 1500;
				LastUpgradeCheck = 1500;
				TargetAttributes = {
					A9994B8C2A4AAB87000A9815 = {
						CreatedOnToolsVersion = 15.0;
					};
					A9994BA02A4AAB88000A9815 = {
						CreatedOnToolsVersion = 15.0;
						TestTargetID = A9994B8C2A4AAB87000A9815;
					};
				};
			};
			buildConfigurationList = A9994B882A4AAB87000A9815 /* Build configuration list for PBXProject "FirstVisionOSApp" */;
			compatibilityVersion = "Xcode 14.0";
			developmentRegion = en;
			hasScannedForEncodings = 0;
			knownRegions = (
				en,
				Base,
			);
			mainGroup = A9994B842A4AAB87000A9815;
			productRefGroup = A9994B8E2A4AAB87000A9815 /* Products */;
			projectDirPath = "";
			projectRoot = "";
			targets = (
				A9994B8C2A4AAB87000A9815 /* FirstVisionOSApp */,
				A9994BA02A4AAB88000A9815 /* FirstVisionOSAppTests */,
			);
		};
/* End PBXProject section */

/* Begin PBXResourcesBuildPhase section */
		A9994B8B2A4AAB87000A9815 /* Resources */ = {
			isa = PBXResourcesBuildPhase;
			buildActionMask = 2147483647;
			files = (
				A9994B9C2A4AAB88000A9815 /* Preview Assets.xcassets in Resources */,
				A9994B992A4AAB88000A9815 /* Assets.xcassets in Resources */,
			);
			runOnlyForDeploymentPostprocessing = 0;
		};
		A9994B9F2A4AAB88000A9815 /* Resources */ = {
			isa = PBXResourcesBuildPhase;
			buildActionMask = 2147483647;
			files = (
			);
			runOnlyForDeploymentPostprocessing = 0;
		};
/* End PBXResourcesBuildPhase section */

/* Begin PBXSourcesBuildPhase section */
		A9994B892A4AAB87000A9815 /* Sources */ = {
			isa = PBXSourcesBuildPhase;
			buildActionMask = 2147483647;
			files = (
				A9994B972A4AAB87000A9815 /* ContentView.swift in Sources */,
				A9994B952A4AAB87000A9815 /* FirstVisionOSAppApp.swift in Sources */,
			);
			runOnlyForDeploymentPostprocessing = 0;
		};
		A9994B9D2A4AAB88000A9815 /* Sources */ = {
			isa = PBXSourcesBuildPhase;
			buildActionMask = 2147483647;
			files = (
				A9994BA62A4AAB88000A9815 /* FirstVisionOSAppTests.swift in Sources */,
			);
			runOnlyForDeploymentPostprocessing = 0;
		};
/* End PBXSourcesBuildPhase section */

/* Begin PBXTargetDependency section */
		A9994BA32A4AAB88000A9815 /* PBXTargetDependency */ = {
			isa = PBXTargetDependency;
			target = A9994B8C2A4AAB87000A9815 /* FirstVisionOSApp */;
			targetProxy = A9994BA22A4AAB88000A9815 /* PBXContainerItemProxy */;
		};
/* End PBXTargetDependency section */

/* Begin XCBuildConfiguration section */
		A9994BA72A4AAB88000A9815 /* Debug */ = {
			isa = XCBuildConfiguration;
			buildSettings = {
				ALWAYS_SEARCH_USER_PATHS = NO;
				ASSETCATALOG_COMPILER_GENERATE_SWIFT_ASSET_SYMBOL_EXTENSIONS = YES;
				CLANG_ANALYZER_NONNULL = YES;
				CLANG_ANALYZER_NUMBER_OBJECT_CONVERSION = YES_AGGRESSIVE;
				CLANG_CXX_LANGUAGE_STANDARD = "gnu++20";
				CLANG_ENABLE_MODULES = YES;
				CLANG_ENABLE_OBJC_ARC = YES;
				CLANG_ENABLE_OBJC_WEAK = YES;
				CLANG_WARN_BLOCK_CAPTURE_AUTORELEASING = YES;
				CLANG_WARN_BOOL_CONVERSION = YES;
				CLANG_WARN_COMMA = YES;
				CLANG_WARN_CONSTANT_CONVERSION = YES;
				CLANG_WARN_DEPRECATED_OBJC_IMPLEMENTATIONS = YES;
				CLANG_WARN_DIRECT_OBJC_ISA_USAGE = YES_ERROR;
				CLANG_WARN_DOCUMENTATION_COMMENTS = YES;
				CLANG_WARN_EMPTY_BODY = YES;
				CLANG_WARN_ENUM_CONVERSION = YES;
				CLANG_WARN_INFINITE_RECURSION = YES;
				CLANG_WARN_INT_CONVERSION = YES;
				CLANG_WARN_NON_LITERAL_NULL_CONVERSION = YES;
				CLANG_WARN_OBJC_IMPLICIT_RETAIN_SELF = YES;
				CLANG_WARN_OBJC_LITERAL_CONVERSION = YES;
				CLANG_WARN_OBJC_ROOT_CLASS = YES_ERROR;
				CLANG_WARN_QUOTED_INCLUDE_IN_FRAMEWORK_HEADER = YES;
				CLANG_WARN_RANGE_LOOP_ANALYSIS = YES;
				CLANG_WARN_STRICT_PROTOTYPES = YES;
				CLANG_WARN_SUSPICIOUS_MOVE = YES;
				CLANG_WARN_UNGUARDED_AVAILABILITY = YES_AGGRESSIVE;
				CLANG_WARN_UNREACHABLE_CODE = YES;
				CLANG_WARN__DUPLICATE_METHOD_MATCH = YES;
				COPY_PHASE_STRIP = NO;
				DEBUG_INFORMATION_FORMAT = dwarf;
				ENABLE_STRICT_OBJC_MSGSEND = YES;
				ENABLE_TESTABILITY = YES;
				ENABLE_USER_SCRIPT_SANDBOXING = YES;
				GCC_C_LANGUAGE_STANDARD = gnu17;
				GCC_DYNAMIC_NO_PIC = NO;
				GCC_NO_COMMON_BLOCKS = YES;
				GCC_OPTIMIZATION_LEVEL = 0;
				GCC_PREPROCESSOR_DEFINITIONS = (
					"DEBUG=1",
					"$(inherited)",
				);
				GCC_WARN_64_TO_32_BIT_CONVERSION = YES;
				GCC_WARN_ABOUT_RETURN_TYPE = YES_ERROR;
				GCC_WARN_UNDECLARED_SELECTOR = YES;
				GCC_WARN_UNINITIALIZED_AUTOS = YES_AGGRESSIVE;
				GCC_WARN_UNUSED_FUNCTION = YES;
				GCC_WARN_UNUSED_VARIABLE = YES;
				LOCALIZATION_PREFERS_STRING_CATALOGS = YES;
				MTL_ENABLE_DEBUG_INFO = INCLUDE_SOURCE;
				MTL_FAST_MATH = YES;
				ONLY_ACTIVE_ARCH = YES;
				SDKROOT = xros;
				SWIFT_ACTIVE_COMPILATION_CONDITIONS = "DEBUG $(inherited)";
				SWIFT_OPTIMIZATION_LEVEL = "-Onone";
				XROS_DEPLOYMENT_TARGET = 1.0;
			};
			name = Debug;
		};
		A9994BA82A4AAB88000A9815 /* Release */ = {
			isa = XCBuildConfiguration;
			buildSettings = {
				ALWAYS_SEARCH_USER_PATHS = NO;
				ASSETCATALOG_COMPILER_GENERATE_SWIFT_ASSET_SYMBOL_EXTENSIONS = YES;
				CLANG_ANALYZER_NONNULL = YES;
				CLANG_ANALYZER_NUMBER_OBJECT_CONVERSION = YES_AGGRESSIVE;
				CLANG_CXX_LANGUAGE_STANDARD = "gnu++20";
				CLANG_ENABLE_MODULES = YES;
				CLANG_ENABLE_OBJC_ARC = YES;
				CLANG_ENABLE_OBJC_WEAK = YES;
				CLANG_WARN_BLOCK_CAPTURE_AUTORELEASING = YES;
				CLANG_WARN_BOOL_CONVERSION = YES;
				CLANG_WARN_COMMA = YES;
				CLANG_WARN_CONSTANT_CONVERSION = YES;
				CLANG_WARN_DEPRECATED_OBJC_IMPLEMENTATIONS = YES;
				CLANG_WARN_DIRECT_OBJC_ISA_USAGE = YES_ERROR;
				CLANG_WARN_DOCUMENTATION_COMMENTS = YES;
				CLANG_WARN_EMPTY_BODY = YES;
				CLANG_WARN_ENUM_CONVERSION = YES;
				CLANG_WARN_INFINITE_RECURSION = YES;
				CLANG_WARN_INT_CONVERSION = YES;
				CLANG_WARN_NON_LITERAL_NULL_CONVERSION = YES;
				CLANG_WARN_OBJC_IMPLICIT_RETAIN_SELF = YES;
				CLANG_WARN_OBJC_LITERAL_CONVERSION = YES;
				CLANG_WARN_OBJC_ROOT_CLASS = YES_ERROR;
				CLANG_WARN_QUOTED_INCLUDE_IN_FRAMEWORK_HEADER = YES;
				CLANG_WARN_RANGE_LOOP_ANALYSIS = YES;
				CLANG_WARN_STRICT_PROTOTYPES = YES;
				CLANG_WARN_SUSPICIOUS_MOVE = YES;
				CLANG_WARN_UNGUARDED_AVAILABILITY = YES_AGGRESSIVE;
				CLANG_WARN_UNREACHABLE_CODE = YES;
				CLANG_WARN__DUPLICATE_METHOD_MATCH = YES;
				COPY_PHASE_STRIP = NO;
				DEBUG_INFORMATION_FORMAT = "dwarf-with-dsym";
				ENABLE_NS_ASSERTIONS = NO;
				ENABLE_STRICT_OBJC_MSGSEND = YES;
				ENABLE_USER_SCRIPT_SANDBOXING = YES;
				GCC_C_LANGUAGE_STANDARD = gnu17;
				GCC_NO_COMMON_BLOCKS = YES;
				GCC_WARN_64_TO_32_BIT_CONVERSION = YES;
				GCC_WARN_ABOUT_RETURN_TYPE = YES_ERROR;
				GCC_WARN_UNDECLARED_SELECTOR = YES;
				GCC_WARN_UNINITIALIZED_AUTOS = YES_AGGRESSIVE;
				GCC_WARN_UNUSED_FUNCTION = YES;
				GCC_WARN_UNUSED_VARIABLE = YES;
				LOCALIZATION_PREFERS_STRING_CATALOGS = YES;
				MTL_ENABLE_DEBUG_INFO = NO;
				MTL_FAST_MATH = YES;
				SDKROOT = xros;
				SWIFT_COMPILATION_MODE = wholemodule;
				VALIDATE_PRODUCT = YES;
				XROS_DEPLOYMENT_TARGET = 1.0;
			};
			name = Release;
		};
		A9994BAA2A4AAB88000A9815 /* Debug */ = {
			isa = XCBuildConfiguration;
			buildSettings = {
				ASSETCATALOG_COMPILER_APPICON_NAME = AppIcon;
				ASSETCATALOG_COMPILER_GLOBAL_ACCENT_COLOR_NAME = AccentColor;
				CODE_SIGN_STYLE = Automatic;
				CURRENT_PROJECT_VERSION = 1;
				DEVELOPMENT_ASSET_PATHS = "\"FirstVisionOSApp/Preview Content\"";
				DEVELOPMENT_TEAM = 89HP2ZVQ9U;
				ENABLE_PREVIEWS = YES;
				GENERATE_INFOPLIST_FILE = YES;
				INFOPLIST_KEY_UIApplicationSceneManifest_Generation = YES;
				LD_RUNPATH_SEARCH_PATHS = (
					"$(inherited)",
					"@executable_path/Frameworks",
				);
				MARKETING_VERSION = 1.0;
				PRODUCT_BUNDLE_IDENTIFIER = com.dervis.FirstVisionOSApp;
				PRODUCT_NAME = "$(TARGET_NAME)";
				SUPPORTED_PLATFORMS = "xros xrsimulator";
				SWIFT_EMIT_LOC_STRINGS = YES;
				SWIFT_VERSION = 5.0;
				TARGETED_DEVICE_FAMILY = "1,2,7";
			};
			name = Debug;
		};
		A9994BAB2A4AAB88000A9815 /* Release */ = {
			isa = XCBuildConfiguration;
			buildSettings = {
				ASSETCATALOG_COMPILER_APPICON_NAME = AppIcon;
				ASSETCATALOG_COMPILER_GLOBAL_ACCENT_COLOR_NAME = AccentColor;
				CODE_SIGN_STYLE = Automatic;
				CURRENT_PROJECT_VERSION = 1;
				DEVELOPMENT_ASSET_PATHS = "\"FirstVisionOSApp/Preview Content\"";
				DEVELOPMENT_TEAM = 89HP2ZVQ9U;
				ENABLE_PREVIEWS = YES;
				GENERATE_INFOPLIST_FILE = YES;
				INFOPLIST_KEY_UIApplicationSceneManifest_Generation = YES;
				LD_RUNPATH_SEARCH_PATHS = (
					"$(inherited)",
					"@executable_path/Frameworks",
				);
				MARKETING_VERSION = 1.0;
				PRODUCT_BUNDLE_IDENTIFIER = com.dervis.FirstVisionOSApp;
				PRODUCT_NAME = "$(TARGET_NAME)";
				SUPPORTED_PLATFORMS = "xros xrsimulator";
				SWIFT_EMIT_LOC_STRINGS = YES;
				SWIFT_VERSION = 5.0;
				TARGETED_DEVICE_FAMILY = "1,2,7";
			};
			name = Release;
		};
		A9994BAD2A4AAB88000A9815 /* Debug */ = {
			isa = XCBuildConfiguration;
			buildSettings = {
				ALWAYS_EMBED_SWIFT_STANDARD_LIBRARIES = YES;
				BUNDLE_LOADER = "$(TEST_HOST)";
				CODE_SIGN_STYLE = Automatic;
				CURRENT_PROJECT_VERSION = 1;
				DEVELOPMENT_TEAM = 89HP2ZVQ9U;
				GENERATE_INFOPLIST_FILE = YES;
				MARKETING_VERSION = 1.0;
				PRODUCT_BUNDLE_IDENTIFIER = com.dervis.FirstVisionOSAppTests;
				PRODUCT_NAME = "$(TARGET_NAME)";
				SUPPORTED_PLATFORMS = "xros xrsimulator";
				SWIFT_EMIT_LOC_STRINGS = NO;
				SWIFT_VERSION = 5.0;
				TARGETED_DEVICE_FAMILY = "1,2,7";
				TEST_HOST = "$(BUILT_PRODUCTS_DIR)/FirstVisionOSApp.app/$(BUNDLE_EXECUTABLE_FOLDER_PATH)/FirstVisionOSApp";
				XROS_DEPLOYMENT_TARGET = 1.0;
			};
			name = Debug;
		};
		A9994BAE2A4AAB88000A9815 /* Release */ = {
			isa = XCBuildConfiguration;
			buildSettings = {
				ALWAYS_EMBED_SWIFT_STANDARD_LIBRARIES = YES;
				BUNDLE_LOADER = "$(TEST_HOST)";
				CODE_SIGN_STYLE = Automatic;
				CURRENT_PROJECT_VERSION = 1;
				DEVELOPMENT_TEAM = 89HP2ZVQ9U;
				GENERATE_INFOPLIST_FILE = YES;
				MARKETING_VERSION = 1.0;
				PRODUCT_BUNDLE_IDENTIFIER = com.dervis.FirstVisionOSAppTests;
				PRODUCT_NAME = "$(TARGET_NAME)";
				SUPPORTED_PLATFORMS = "xros xrsimulator";
				SWIFT_EMIT_LOC_STRINGS = NO;
				SWIFT_VERSION = 5.0;
				TARGETED_DEVICE_FAMILY = "1,2,7";
				TEST_HOST = "$(BUILT_PRODUCTS_DIR)/FirstVisionOSApp.app/$(BUNDLE_EXECUTABLE_FOLDER_PATH)/FirstVisionOSApp";
				XROS_DEPLOYMENT_TARGET = 1.0;
			};
			name = Release;
		};
/* End XCBuildConfiguration section */

/* Begin XCConfigurationList section */
		A9994B882A4AAB87000A9815 /* Build configuration list for PBXProject "FirstVisionOSApp" */ = {
			isa = XCConfigurationList;
			buildConfigurations = (
				A9994BA72A4AAB88000A9815 /* Debug */,
				A9994BA82A4AAB88000A9815 /* Release */,
			);
			defaultConfigurationIsVisible = 0;
			defaultConfigurationName = Release;
		};
		A9994BA92A4AAB88000A9815 /* Build configuration list for PBXNativeTarget "FirstVisionOSApp" */ = {
			isa = XCConfigurationList;
			buildConfigurations = (
				A9994BAA2A4AAB88000A9815 /* Debug */,
				A9994BAB2A4AAB88000A9815 /* Release */,
			);
			defaultConfigurationIsVisible = 0;
			defaultConfigurationName = Release;
		};
		A9994BAC2A4AAB88000A9815 /* Build configuration list for PBXNativeTarget "FirstVisionOSAppTests" */ = {
			isa = XCConfigurationList;
			buildConfigurations = (
				A9994BAD2A4AAB88000A9815 /* Debug */,
				A9994BAE2A4AAB88000A9815 /* Release */,
			);
			defaultConfigurationIsVisible = 0;
			defaultConfigurationName = Release;
		};
/* End XCConfigurationList section */

/* Begin XCSwiftPackageProductDependency section */
		A9994B922A4AAB87000A9815 /* RealityKitContent */ = {
			isa = XCSwiftPackageProductDependency;
			productName = RealityKitContent;
		};
/* End XCSwiftPackageProductDependency section */
	};
	rootObject = A9994B852A4AAB87000A9815 /* Project object */;
}
